codeberg.org/miekg/dns v0.6.64 h1:xzvVDL4qhFvU+scxZ2TlV0zhPlCYIps8sUncz2RR7ok=
codeberg.org/miekg/dns v0.6.64/go.mod h1:58Y3ZTg6Z5ZEm/ZAAwHehbZfrD4u5mE4RByHoPEMyKk=
github.com/gologme/log v1.3.0 h1:l781G4dE+pbigClDSDzSaaYKtiueHCILUa/qSDsmHAo=
github.com/gologme/log v1.3.0/go.mod h1:yKT+DvIPdDdDoPtqFrFxheooyVmoqi0BAsw+erN3wA4=
golang.org/x/crypto v0.48.0 h1:/VRzVqiRSggnhY7gNRxPauEQ5Drw9haKdM0jqfcCFts=
golang.org/x/crypto v0.48.0/go.mod h1:r0kV5h3qnFPlQnBSrULhlsRfryS2pmewsg+XfMgkVos=
golang.org/x/net v0.51.0 h1:94R/GTO7mt3/4wIKpcR5gkGmRLOuE/2hNGeWq/GBIFo=
golang.org/x/net v0.51.0/go.mod h1:aamm+2QF5ogm02fjy5Bb7CQ0WMt1/WVM7FtyaTLlA9Y=
golang.org/x/sync v0.19.0 h1:vV+1eWNmZ5geRlYjzm2adRgW2/mcpevXNg50YZtPCE4=
golang.org/x/sync v0.19.0/go.mod h1:9KTHXmSnoGruLpwFjVSX0lNNA75CykiMECbovNTZqGI=
golang.org/x/sys v0.41.0 h1:Ivj+2Cp/ylzLiEU89QhWblYnOE9zerudt9Ftecq2C6k=
golang.org/x/sys v0.41.0/go.mod h1:OgkHotnGiDImocRcuBABYBEXf8A9a87e/uXjp9XT3ks=
